speakeasyVersion: 1.791.4
sources:
    TextQL API:
        sourceNamespace: textql-api
        sourceRevisionDigest: sha256:84ac5ecfe2205c01d1e32d8cb69e37e3f27680b9a3a32d69156a36e8b0c8f6aa
        sourceBlobDigest: sha256:a3fab2703f88907cbdf349e6031d90d4d46e9737d5713465586565e078c04f40
        tags:
            - latest
            - 1.0.0
targets:
    textql:
        source: TextQL API
        sourceNamespace: textql-api
        sourceRevisionDigest: sha256:84ac5ecfe2205c01d1e32d8cb69e37e3f27680b9a3a32d69156a36e8b0c8f6aa
        sourceBlobDigest: sha256:a3fab2703f88907cbdf349e6031d90d4d46e9737d5713465586565e078c04f40
        codeSamplesNamespace: textql-api-python-code-samples
        codeSamplesRevisionDigest: sha256:086eef46a1b262e88c1f999c800a7d1e99f761d14869df6ba5cf2d1cb0caa775
workflow:
    workflowVersion: 1.0.0
    speakeasyVersion: latest
    sources:
        TextQL API:
            inputs:
                - location: registry.speakeasyapi.dev/textql/home/textql-api
            overlays:
                - location: .speakeasy/speakeasy-modifications-overlay.yaml
            output: .speakeasy/out.openapi.yaml
            registry:
                location: registry.speakeasyapi.dev/textql/home/textql-api
    targets:
        textql:
            target: python
            source: TextQL API
            publish:
                pypi:
                    token: $pypi_token
            codeSamples:
                registry:
                    location: registry.speakeasyapi.dev/textql/home/textql-api-python-code-samples
                labelOverride:
                    fixedValue: Python (SDK)
                blocking: true
