speakeasyVersion: 1.791.0
sources:
    TextQL API:
        sourceNamespace: textql-api
        sourceRevisionDigest: sha256:14e943d42383b670d12ac1ebd644a2c7e36c184f5ccc93733f9c796c56941b69
        sourceBlobDigest: sha256:9cd550487c1a13f574eca3fc215f2c114ea7fb2a242d76075cbce0786cf76f4c
        tags:
            - latest
            - 1.0.0
targets:
    textql:
        source: TextQL API
        sourceNamespace: textql-api
        sourceRevisionDigest: sha256:14e943d42383b670d12ac1ebd644a2c7e36c184f5ccc93733f9c796c56941b69
        sourceBlobDigest: sha256:9cd550487c1a13f574eca3fc215f2c114ea7fb2a242d76075cbce0786cf76f4c
        codeSamplesNamespace: textql-api-python-code-samples
        codeSamplesRevisionDigest: sha256:27c74288b4d1717870e77e4242ade5b96aecad0a9933b6c46a82f8f3dbd0bbb1
workflow:
    workflowVersion: 1.0.0
    speakeasyVersion: latest
    sources:
        TextQL API:
            inputs:
                - location: registry.speakeasyapi.dev/textql/home/textql-api
            overlays:
                - location: .speakeasy/speakeasy-modifications-overlay.yaml
            output: .speakeasy/out.openapi.yaml
            registry:
                location: registry.speakeasyapi.dev/textql/home/textql-api
    targets:
        textql:
            target: python
            source: TextQL API
            publish:
                pypi:
                    token: $pypi_token
            codeSamples:
                registry:
                    location: registry.speakeasyapi.dev/textql/home/textql-api-python-code-samples
                labelOverride:
                    fixedValue: Python (SDK)
                blocking: true
