speakeasyVersion: 1.796.4
sources:
    TextQL API:
        sourceNamespace: textql-api
        sourceRevisionDigest: sha256:5c5b6198762963ac296917e0af851c1a260bdb0a5e2432620e276437c543135a
        sourceBlobDigest: sha256:6cd636d17c0815463092010e3359c9fa5caa47b180b40691fb4e5409d7b3ea36
        tags:
            - latest
            - 1.0.0
targets:
    textql:
        source: TextQL API
        sourceNamespace: textql-api
        sourceRevisionDigest: sha256:5c5b6198762963ac296917e0af851c1a260bdb0a5e2432620e276437c543135a
        sourceBlobDigest: sha256:6cd636d17c0815463092010e3359c9fa5caa47b180b40691fb4e5409d7b3ea36
        codeSamplesNamespace: textql-api-python-code-samples
        codeSamplesRevisionDigest: sha256:109d6e88f716004d7bc68727f23180cfc76f1efe8cf54992989981692e054cdf
workflow:
    workflowVersion: 1.0.0
    speakeasyVersion: latest
    sources:
        TextQL API:
            inputs:
                - location: registry.speakeasyapi.dev/textql/home/textql-api
            overlays:
                - location: .speakeasy/speakeasy-modifications-overlay.yaml
            output: .speakeasy/out.openapi.yaml
            registry:
                location: registry.speakeasyapi.dev/textql/home/textql-api
    targets:
        textql:
            target: python
            source: TextQL API
            publish:
                pypi:
                    token: $pypi_token
            codeSamples:
                registry:
                    location: registry.speakeasyapi.dev/textql/home/textql-api-python-code-samples
                labelOverride:
                    fixedValue: Python (SDK)
                blocking: true
